{
  "name": "@nghiadoan-work/cntm",
  "version": "1.0.0",
  "lockfileVersion": 3,
  "requires": true,
  "packages": {
    "": {
      "name": "@nghiadoan-work/cntm",
      "version": "1.0.0",
      "hasInstallScript": true,
      "license": "MIT",
      "bin": {
        "cntm": "bin/cntm"
      },
      "engines": {
        "node": ">=14.0.0"
      }
    }
  }
}
